
Microsoft Visual Studio Solution File, Format Version 12.00
# Visual Studio Version 17
VisualStudioVersion = 17.5.33627.172
MinimumVisualStudioVersion = 10.0.40219.1
Project("{FAE04EC0-301F-11D3-BF4B-00C04F79EFBC}") = "STGeneticsTest", "STGeneticsTest\STGeneticsTest.csproj", "{1E414D01-B076-4DA9-A921-31B53CCE36BC}"
EndProject
Global
	GlobalSection(SolutionConfigurationPlatforms) = preSolution
		Debug|Any CPU = Debug|Any CPU
		Release|Any CPU = Release|Any CPU
	EndGlobalSection
	GlobalSection(ProjectConfigurationPlatforms) = postSolution
		{1E414D01-B076-4DA9-A921-31B53CCE36BC}.Debug|Any CPU.ActiveCfg = Debug|Any CPU
		{1E414D01-B076-4DA9-A921-31B53CCE36BC}.Debug|Any CPU.Build.0 = Debug|Any CPU
		{1E414D01-B076-4DA9-A921-31B53CCE36BC}.Release|Any CPU.ActiveCfg = Release|Any CPU
		{1E414D01-B076-4DA9-A921-31B53CCE36BC}.Release|Any CPU.Build.0 = Release|Any CPU
	EndGlobalSection
	GlobalSection(SolutionProperties) = preSolution
		HideSolutionNode = FALSE
	EndGlobalSection
	GlobalSection(ExtensibilityGlobals) = postSolution
		SolutionGuid = {446D8535-48C5-4B53-8469-667C719C2BA5}
	EndGlobalSection
EndGlobal
